
Microsoft Visual Studio Solution File, Format Version 12.00
# Visual Studio 14
VisualStudioVersion = 14.0.24720.0
MinimumVisualStudioVersion = 10.0.40219.1
Project("{F2A71F9B-5D33-465A-A702-920D77279786}") = "Tesla.Csxcad", "Tesla.Csxcad\Tesla.Csxcad.fsproj", "{7DEC457D-1FC6-475B-ADC0-6382E8558306}"
EndProject
Project("{2150E333-8FDC-42A3-9474-1A3956D46DE8}") = "Solution Items", "Solution Items", "{011A77A9-9930-45D6-812D-5637E61E5FB1}"
	ProjectSection(SolutionItems) = preProject
		.editorconfig = .editorconfig
		.gitignore = .gitignore
		appveyor.yml = appveyor.yml
		MIT.md = MIT.md
		paket.dependencies = paket.dependencies
		Readme.md = Readme.md
		WTFPL.md = WTFPL.md
	EndProjectSection
EndProject
Project("{2150E333-8FDC-42A3-9474-1A3956D46DE8}") = "Tools", "Tools", "{BE7E6A13-D2F4-4BE8-BA47-37B2C64403C8}"
	ProjectSection(SolutionItems) = preProject
		Tools\CSX.xml = Tools\CSX.xml
		Tools\Generate-XML.m = Tools\Generate-XML.m
		Tools\openEMS.xml = Tools\openEMS.xml
		Tools\Sample.lxml = Tools\Sample.lxml
	EndProjectSection
EndProject
Project("{F2A71F9B-5D33-465A-A702-920D77279786}") = "Tesla.Csxcad.Tests", "Tesla.Csxcad.Tests\Tesla.Csxcad.Tests.fsproj", "{2272A8FE-8D64-4E14-8B93-2A7C9AB309CF}"
EndProject
Project("{2150E333-8FDC-42A3-9474-1A3956D46DE8}") = "Scripts", "Scripts", "{1F17EABE-71A6-4050-A4F9-2EBC2A4921DA}"
	ProjectSection(SolutionItems) = preProject
		Scripts\Install.ps1 = Scripts\Install.ps1
		Scripts\Package.ps1 = Scripts\Package.ps1
		Scripts\Push-Package.ps1 = Scripts\Push-Package.ps1
	EndProjectSection
EndProject
Project("{2150E333-8FDC-42A3-9474-1A3956D46DE8}") = "Test-Data", "Test-Data", "{D12FF48C-241B-455C-9652-B1C7CFFB5E9C}"
	ProjectSection(SolutionItems) = preProject
		Test-Data\CSX.xml = Test-Data\CSX.xml
		Test-Data\issue-16-test-data.csx = Test-Data\issue-16-test-data.csx
	EndProjectSection
EndProject
Global
	GlobalSection(SolutionConfigurationPlatforms) = preSolution
		Debug|Any CPU = Debug|Any CPU
		Release|Any CPU = Release|Any CPU
	EndGlobalSection
	GlobalSection(ProjectConfigurationPlatforms) = postSolution
		{7DEC457D-1FC6-475B-ADC0-6382E8558306}.Debug|Any CPU.ActiveCfg = Debug|Any CPU
		{7DEC457D-1FC6-475B-ADC0-6382E8558306}.Debug|Any CPU.Build.0 = Debug|Any CPU
		{7DEC457D-1FC6-475B-ADC0-6382E8558306}.Release|Any CPU.ActiveCfg = Release|Any CPU
		{7DEC457D-1FC6-475B-ADC0-6382E8558306}.Release|Any CPU.Build.0 = Release|Any CPU
		{2272A8FE-8D64-4E14-8B93-2A7C9AB309CF}.Debug|Any CPU.ActiveCfg = Debug|Any CPU
		{2272A8FE-8D64-4E14-8B93-2A7C9AB309CF}.Debug|Any CPU.Build.0 = Debug|Any CPU
		{2272A8FE-8D64-4E14-8B93-2A7C9AB309CF}.Release|Any CPU.ActiveCfg = Release|Any CPU
		{2272A8FE-8D64-4E14-8B93-2A7C9AB309CF}.Release|Any CPU.Build.0 = Release|Any CPU
	EndGlobalSection
	GlobalSection(SolutionProperties) = preSolution
		HideSolutionNode = FALSE
	EndGlobalSection
	GlobalSection(NestedProjects) = preSolution
		{BE7E6A13-D2F4-4BE8-BA47-37B2C64403C8} = {011A77A9-9930-45D6-812D-5637E61E5FB1}
		{1F17EABE-71A6-4050-A4F9-2EBC2A4921DA} = {011A77A9-9930-45D6-812D-5637E61E5FB1}
		{D12FF48C-241B-455C-9652-B1C7CFFB5E9C} = {011A77A9-9930-45D6-812D-5637E61E5FB1}
	EndGlobalSection
EndGlobal
